
Microsoft Visual Studio Solution File, Format Version 12.00
# Visual Studio Version 17
VisualStudioVersion = 17.2.32630.192
MinimumVisualStudioVersion = 10.0.40219.1
Project("{FAE04EC0-301F-11D3-BF4B-00C04F79EFBC}") = "Web-API", "Web-API\Web-API.csproj", "{7DBC5811-8914-46AA-9600-AB4E88E2D9F5}"
EndProject
Global
	GlobalSection(SolutionConfigurationPlatforms) = preSolution
		Debug|Any CPU = Debug|Any CPU
		Release|Any CPU = Release|Any CPU
	EndGlobalSection
	GlobalSection(ProjectConfigurationPlatforms) = postSolution
		{7DBC5811-8914-46AA-9600-AB4E88E2D9F5}.Debug|Any CPU.ActiveCfg = Debug|Any CPU
		{7DBC5811-8914-46AA-9600-AB4E88E2D9F5}.Debug|Any CPU.Build.0 = Debug|Any CPU
		{7DBC5811-8914-46AA-9600-AB4E88E2D9F5}.Release|Any CPU.ActiveCfg = Release|Any CPU
		{7DBC5811-8914-46AA-9600-AB4E88E2D9F5}.Release|Any CPU.Build.0 = Release|Any CPU
	EndGlobalSection
	GlobalSection(SolutionProperties) = preSolution
		HideSolutionNode = FALSE
	EndGlobalSection
	GlobalSection(ExtensibilityGlobals) = postSolution
		SolutionGuid = {3E2AD741-E6BD-4EE1-ACBA-7BF99C57FD9D}
	EndGlobalSection
EndGlobal
